
Microsoft Visual Studio Solution File, Format Version 12.00
# Visual Studio Version 16
VisualStudioVersion = 16.0.29926.136
MinimumVisualStudioVersion = 10.0.40219.1
Project("{FAE04EC0-301F-11D3-BF4B-00C04F79EFBC}") = "WebApi", "WebApi\WebApi.csproj", "{D0117375-EA79-492E-85E0-4210DCDC4674}"
EndProject
Global
	GlobalSection(SolutionConfigurationPlatforms) = preSolution
		Debug|Any CPU = Debug|Any CPU
		Release|Any CPU = Release|Any CPU
	EndGlobalSection
	GlobalSection(ProjectConfigurationPlatforms) = postSolution
		{D0117375-EA79-492E-85E0-4210DCDC4674}.Debug|Any CPU.ActiveCfg = Debug|Any CPU
		{D0117375-EA79-492E-85E0-4210DCDC4674}.Debug|Any CPU.Build.0 = Debug|Any CPU
		{D0117375-EA79-492E-85E0-4210DCDC4674}.Release|Any CPU.ActiveCfg = Release|Any CPU
		{D0117375-EA79-492E-85E0-4210DCDC4674}.Release|Any CPU.Build.0 = Release|Any CPU
	EndGlobalSection
	GlobalSection(SolutionProperties) = preSolution
		HideSolutionNode = FALSE
	EndGlobalSection
	GlobalSection(ExtensibilityGlobals) = postSolution
		SolutionGuid = {78602484-C7CF-4763-BCAC-592985AA17A4}
	EndGlobalSection
EndGlobal
